
Microsoft Visual Studio Solution File, Format Version 12.00
# Visual Studio Version 17
VisualStudioVersion = 17.0.31903.59
MinimumVisualStudioVersion = 10.0.40219.1
Project("{FAE04EC0-301F-11D3-BF4B-00C04F79EFBC}") = "Restaurants.API", "Restaurants.API\Restaurants.API.csproj", "{FCB76B95-26BD-4739-84D6-B89E75539970}"
EndProject
Project("{FAE04EC0-301F-11D3-BF4B-00C04F79EFBC}") = "Restaurants.Domain", "Restaurants.Domain\Restaurants.Domain.csproj", "{3F9724B0-395D-4302-9568-EB820BBF33D9}"
EndProject
Project("{FAE04EC0-301F-11D3-BF4B-00C04F79EFBC}") = "Restaurants.Application", "Restaurants.Application\Restaurants.Application.csproj", "{CBBB56AB-92EE-4596-A8B4-3EBFAECC311A}"
EndProject
Project("{FAE04EC0-301F-11D3-BF4B-00C04F79EFBC}") = "Restaurants.Infrastructure", "Restaurants.Infrastructure\Restaurants.Infrastructure.csproj", "{1422B1A8-7E22-46C9-AC8C-934F432D39B0}"
EndProject
Project("{FAE04EC0-301F-11D3-BF4B-00C04F79EFBC}") = "Restaurants.Domain.Tests", "Restaurants.Domain.Tests\Restaurants.Domain.Tests.csproj", "{5419DFAB-AC9E-4EF1-AD79-32A5CBE3B242}"
EndProject
Project("{FAE04EC0-301F-11D3-BF4B-00C04F79EFBC}") = "Restaurants.Application.Tests", "Restaurants.Application.Tests\Restaurants.Application.Tests.csproj", "{2BABD858-6110-4C20-8CE4-E4B7EAC7DF6F}"
EndProject
Global
	GlobalSection(SolutionConfigurationPlatforms) = preSolution
		Debug|Any CPU = Debug|Any CPU
		Debug|x64 = Debug|x64
		Debug|x86 = Debug|x86
		Release|Any CPU = Release|Any CPU
		Release|x64 = Release|x64
		Release|x86 = Release|x86
	EndGlobalSection
	GlobalSection(ProjectConfigurationPlatforms) = postSolution
		{FCB76B95-26BD-4739-84D6-B89E75539970}.Debug|Any CPU.ActiveCfg = Debug|Any CPU
		{FCB76B95-26BD-4739-84D6-B89E75539970}.Debug|Any CPU.Build.0 = Debug|Any CPU
		{FCB76B95-26BD-4739-84D6-B89E75539970}.Debug|x64.ActiveCfg = Debug|Any CPU
		{FCB76B95-26BD-4739-84D6-B89E75539970}.Debug|x64.Build.0 = Debug|Any CPU
		{FCB76B95-26BD-4739-84D6-B89E75539970}.Debug|x86.ActiveCfg = Debug|Any CPU
		{FCB76B95-26BD-4739-84D6-B89E75539970}.Debug|x86.Build.0 = Debug|Any CPU
		{FCB76B95-26BD-4739-84D6-B89E75539970}.Release|Any CPU.ActiveCfg = Release|Any CPU
		{FCB76B95-26BD-4739-84D6-B89E75539970}.Release|Any CPU.Build.0 = Release|Any CPU
		{FCB76B95-26BD-4739-84D6-B89E75539970}.Release|x64.ActiveCfg = Release|Any CPU
		{FCB76B95-26BD-4739-84D6-B89E75539970}.Release|x64.Build.0 = Release|Any CPU
		{FCB76B95-26BD-4739-84D6-B89E75539970}.Release|x86.ActiveCfg = Release|Any CPU
		{FCB76B95-26BD-4739-84D6-B89E75539970}.Release|x86.Build.0 = Release|Any CPU
		{3F9724B0-395D-4302-9568-EB820BBF33D9}.Debug|Any CPU.ActiveCfg = Debug|Any CPU
		{3F9724B0-395D-4302-9568-EB820BBF33D9}.Debug|Any CPU.Build.0 = Debug|Any CPU
		{3F9724B0-395D-4302-9568-EB820BBF33D9}.Debug|x64.ActiveCfg = Debug|Any CPU
		{3F9724B0-395D-4302-9568-EB820BBF33D9}.Debug|x64.Build.0 = Debug|Any CPU
		{3F9724B0-395D-4302-9568-EB820BBF33D9}.Debug|x86.ActiveCfg = Debug|Any CPU
		{3F9724B0-395D-4302-9568-EB820BBF33D9}.Debug|x86.Build.0 = Debug|Any CPU
		{3F9724B0-395D-4302-9568-EB820BBF33D9}.Release|Any CPU.ActiveCfg = Release|Any CPU
		{3F9724B0-395D-4302-9568-EB820BBF33D9}.Release|Any CPU.Build.0 = Release|Any CPU
		{3F9724B0-395D-4302-9568-EB820BBF33D9}.Release|x64.ActiveCfg = Release|Any CPU
		{3F9724B0-395D-4302-9568-EB820BBF33D9}.Release|x64.Build.0 = Release|Any CPU
		{3F9724B0-395D-4302-9568-EB820BBF33D9}.Release|x86.ActiveCfg = Release|Any CPU
		{3F9724B0-395D-4302-9568-EB820BBF33D9}.Release|x86.Build.0 = Release|Any CPU
		{CBBB56AB-92EE-4596-A8B4-3EBFAECC311A}.Debug|Any CPU.ActiveCfg = Debug|Any CPU
		{CBBB56AB-92EE-4596-A8B4-3EBFAECC311A}.Debug|Any CPU.Build.0 = Debug|Any CPU
		{CBBB56AB-92EE-4596-A8B4-3EBFAECC311A}.Debug|x64.ActiveCfg = Debug|Any CPU
		{CBBB56AB-92EE-4596-A8B4-3EBFAECC311A}.Debug|x64.Build.0 = Debug|Any CPU
		{CBBB56AB-92EE-4596-A8B4-3EBFAECC311A}.Debug|x86.ActiveCfg = Debug|Any CPU
		{CBBB56AB-92EE-4596-A8B4-3EBFAECC311A}.Debug|x86.Build.0 = Debug|Any CPU
		{CBBB56AB-92EE-4596-A8B4-3EBFAECC311A}.Release|Any CPU.ActiveCfg = Release|Any CPU
		{CBBB56AB-92EE-4596-A8B4-3EBFAECC311A}.Release|Any CPU.Build.0 = Release|Any CPU
		{CBBB56AB-92EE-4596-A8B4-3EBFAECC311A}.Release|x64.ActiveCfg = Release|Any CPU
		{CBBB56AB-92EE-4596-A8B4-3EBFAECC311A}.Release|x64.Build.0 = Release|Any CPU
		{CBBB56AB-92EE-4596-A8B4-3EBFAECC311A}.Release|x86.ActiveCfg = Release|Any CPU
		{CBBB56AB-92EE-4596-A8B4-3EBFAECC311A}.Release|x86.Build.0 = Release|Any CPU
		{1422B1A8-7E22-46C9-AC8C-934F432D39B0}.Debug|Any CPU.ActiveCfg = Debug|Any CPU
		{1422B1A8-7E22-46C9-AC8C-934F432D39B0}.Debug|Any CPU.Build.0 = Debug|Any CPU
		{1422B1A8-7E22-46C9-AC8C-934F432D39B0}.Debug|x64.ActiveCfg = Debug|Any CPU
		{1422B1A8-7E22-46C9-AC8C-934F432D39B0}.Debug|x64.Build.0 = Debug|Any CPU
		{1422B1A8-7E22-46C9-AC8C-934F432D39B0}.Debug|x86.ActiveCfg = Debug|Any CPU
		{1422B1A8-7E22-46C9-AC8C-934F432D39B0}.Debug|x86.Build.0 = Debug|Any CPU
		{1422B1A8-7E22-46C9-AC8C-934F432D39B0}.Release|Any CPU.ActiveCfg = Release|Any CPU
		{1422B1A8-7E22-46C9-AC8C-934F432D39B0}.Release|Any CPU.Build.0 = Release|Any CPU
		{1422B1A8-7E22-46C9-AC8C-934F432D39B0}.Release|x64.ActiveCfg = Release|Any CPU
		{1422B1A8-7E22-46C9-AC8C-934F432D39B0}.Release|x64.Build.0 = Release|Any CPU
		{1422B1A8-7E22-46C9-AC8C-934F432D39B0}.Release|x86.ActiveCfg = Release|Any CPU
		{1422B1A8-7E22-46C9-AC8C-934F432D39B0}.Release|x86.Build.0 = Release|Any CPU
		{5419DFAB-AC9E-4EF1-AD79-32A5CBE3B242}.Debug|Any CPU.ActiveCfg = Debug|Any CPU
		{5419DFAB-AC9E-4EF1-AD79-32A5CBE3B242}.Debug|Any CPU.Build.0 = Debug|Any CPU
		{5419DFAB-AC9E-4EF1-AD79-32A5CBE3B242}.Debug|x64.ActiveCfg = Debug|Any CPU
		{5419DFAB-AC9E-4EF1-AD79-32A5CBE3B242}.Debug|x64.Build.0 = Debug|Any CPU
		{5419DFAB-AC9E-4EF1-AD79-32A5CBE3B242}.Debug|x86.ActiveCfg = Debug|Any CPU
		{5419DFAB-AC9E-4EF1-AD79-32A5CBE3B242}.Debug|x86.Build.0 = Debug|Any CPU
		{5419DFAB-AC9E-4EF1-AD79-32A5CBE3B242}.Release|Any CPU.ActiveCfg = Release|Any CPU
		{5419DFAB-AC9E-4EF1-AD79-32A5CBE3B242}.Release|Any CPU.Build.0 = Release|Any CPU
		{5419DFAB-AC9E-4EF1-AD79-32A5CBE3B242}.Release|x64.ActiveCfg = Release|Any CPU
		{5419DFAB-AC9E-4EF1-AD79-32A5CBE3B242}.Release|x64.Build.0 = Release|Any CPU
		{5419DFAB-AC9E-4EF1-AD79-32A5CBE3B242}.Release|x86.ActiveCfg = Release|Any CPU
		{5419DFAB-AC9E-4EF1-AD79-32A5CBE3B242}.Release|x86.Build.0 = Release|Any CPU
		{2BABD858-6110-4C20-8CE4-E4B7EAC7DF6F}.Debug|Any CPU.ActiveCfg = Debug|Any CPU
		{2BABD858-6110-4C20-8CE4-E4B7EAC7DF6F}.Debug|Any CPU.Build.0 = Debug|Any CPU
		{2BABD858-6110-4C20-8CE4-E4B7EAC7DF6F}.Debug|x64.ActiveCfg = Debug|Any CPU
		{2BABD858-6110-4C20-8CE4-E4B7EAC7DF6F}.Debug|x64.Build.0 = Debug|Any CPU
		{2BABD858-6110-4C20-8CE4-E4B7EAC7DF6F}.Debug|x86.ActiveCfg = Debug|Any CPU
		{2BABD858-6110-4C20-8CE4-E4B7EAC7DF6F}.Debug|x86.Build.0 = Debug|Any CPU
		{2BABD858-6110-4C20-8CE4-E4B7EAC7DF6F}.Release|Any CPU.ActiveCfg = Release|Any CPU
		{2BABD858-6110-4C20-8CE4-E4B7EAC7DF6F}.Release|Any CPU.Build.0 = Release|Any CPU
		{2BABD858-6110-4C20-8CE4-E4B7EAC7DF6F}.Release|x64.ActiveCfg = Release|Any CPU
		{2BABD858-6110-4C20-8CE4-E4B7EAC7DF6F}.Release|x64.Build.0 = Release|Any CPU
		{2BABD858-6110-4C20-8CE4-E4B7EAC7DF6F}.Release|x86.ActiveCfg = Release|Any CPU
		{2BABD858-6110-4C20-8CE4-E4B7EAC7DF6F}.Release|x86.Build.0 = Release|Any CPU
	EndGlobalSection
	GlobalSection(SolutionProperties) = preSolution
		HideSolutionNode = FALSE
	EndGlobalSection
EndGlobal
